<?xml version="1.0" encoding="utf-8"?>
<Project ToolsVersion="4.0" xmlns="http://schemas.microsoft.com/developer/msbuild/2003">
  <ItemGroup>
    <Filter Include="Source Files">
      <UniqueIdentifier>{4FC737F1-C7A5-4376-A066-2A32D752A2FF}</UniqueIdentifier>
      <Extensions>cpp;c;cc;cxx;def;odl;idl;hpj;bat;asm;asmx</Extensions>
    </Filter>
    <Filter Include="Header Files">
      <UniqueIdentifier>{93995380-89BD-4b04-88EB-625FBE52EBFB}</UniqueIdentifier>
      <Extensions>h;hh;hpp;hxx;hm;inl;inc;xsd</Extensions>
    </Filter>
    <Filter Include="Resource Files">
      <UniqueIdentifier>{67DA6AB6-F800-4c08-8B7A-83BB121AAD01}</UniqueIdentifier>
      <Extensions>rc;ico;cur;bmp;dlg;rc2;rct;bin;rgs;gif;jpg;jpeg;jpe;resx;tiff;tif;png;wav;mfcribbon-ms</Extensions>
    </Filter>
    <Filter Include="Windows">
      <UniqueIdentifier>{611458dc-7dd2-4c37-af0f-306cf9d85fb9}</UniqueIdentifier>
    </Filter>
  </ItemGroup>
  <ItemGroup>
    <ClInclude Include="..\src\addresses.h">
      <Filter>Header Files</Filter>
    </ClInclude>
    <ClInclude Include="..\src\game.h">
      <Filter>Header Files</Filter>
    </ClInclude>
    <ClInclude Include="..\src\intro.h">
      <Filter>Header Files</Filter>
    </ClInclude>
    <ClInclude Include="..\src\osinterface.h">
      <Filter>Header Files</Filter>
    </ClInclude>
    <ClInclude Include="..\src\rct2.h">
      <Filter>Header Files</Filter>
    </ClInclude>
    <ClInclude Include="..\src\title.h">
      <Filter>Header Files</Filter>
    </ClInclude>
    <ClInclude Include="..\src\window.h">
      <Filter>Header Files</Filter>
    </ClInclude>
    <ClInclude Include="..\src\audio.h">
      <Filter>Header Files</Filter>
    </ClInclude>
    <ClInclude Include="..\src\gfx.h">
      <Filter>Header Files</Filter>
    </ClInclude>
    <ClInclude Include="resource.h">
      <Filter>Header Files</Filter>
    </ClInclude>
    <ClInclude Include="..\src\string_ids.h">
      <Filter>Header Files</Filter>
    </ClInclude>
    <ClInclude Include="..\src\peep.h">
      <Filter>Header Files</Filter>
    </ClInclude>
    <ClInclude Include="..\src\sprite.h">
      <Filter>Header Files</Filter>
    </ClInclude>
    <ClInclude Include="..\src\news_item.h">
      <Filter>Header Files</Filter>
    </ClInclude>
    <ClInclude Include="..\src\viewport.h">
      <Filter>Header Files</Filter>
    </ClInclude>
    <ClInclude Include="..\src\widget.h">
      <Filter>Header Files</Filter>
    </ClInclude>
    <ClInclude Include="..\src\sprites.h">
      <Filter>Header Files</Filter>
    </ClInclude>
    <ClInclude Include="..\src\scenario.h">
      <Filter>Header Files</Filter>
    </ClInclude>
    <ClInclude Include="..\src\config.h">
      <Filter>Header Files</Filter>
    </ClInclude>
    <ClInclude Include="..\src\ride.h">
      <Filter>Header Files</Filter>
    </ClInclude>
    <ClInclude Include="..\src\park.h">
      <Filter>Header Files</Filter>
    </ClInclude>
    <ClInclude Include="..\src\map.h">
      <Filter>Header Files</Filter>
    </ClInclude>
    <ClInclude Include="..\src\date.h">
      <Filter>Header Files</Filter>
    </ClInclude>
    <ClInclude Include="..\src\climate.h">
      <Filter>Header Files</Filter>
    </ClInclude>
    <ClInclude Include="..\src\window_dropdown.h">
      <Filter>Header Files</Filter>
    </ClInclude>
    <ClInclude Include="..\src\tutorial.h">
      <Filter>Header Files</Filter>
    </ClInclude>
    <ClInclude Include="..\src\editor.h">
      <Filter>Header Files</Filter>
    </ClInclude>
    <ClInclude Include="..\src\sawyercoding.h">
      <Filter>Header Files</Filter>
    </ClInclude>
    <ClInclude Include="..\src\object.h">
      <Filter>Header Files</Filter>
    </ClInclude>
    <ClInclude Include="..\src\util.h">
      <Filter>Header Files</Filter>
    </ClInclude>
    <ClInclude Include="..\src\track.h">
      <Filter>Header Files</Filter>
    </ClInclude>
    <ClInclude Include="..\src\window_tooltip.h">
      <Filter>Header Files</Filter>
    </ClInclude>
    <ClInclude Include="..\src\window_error.h">
      <Filter>Header Files</Filter>
    </ClInclude>
    <ClInclude Include="..\src\screenshot.h">
      <Filter>Header Files</Filter>
    </ClInclude>
    <ClInclude Include="..\src\settings.h">
      <Filter>Header Files</Filter>
    </ClInclude>
    <ClInclude Include="..\src\finance.h">
      <Filter>Header Files</Filter>
    </ClInclude>
  </ItemGroup>
  <ItemGroup>
    <ClCompile Include="..\src\game.c">
      <Filter>Source Files</Filter>
    </ClCompile>
    <ClCompile Include="..\src\intro.c">
      <Filter>Source Files</Filter>
    </ClCompile>
    <ClCompile Include="..\src\osinterface.c">
      <Filter>Source Files</Filter>
    </ClCompile>
    <ClCompile Include="..\src\rct2.c">
      <Filter>Source Files</Filter>
    </ClCompile>
    <ClCompile Include="..\src\title.c">
      <Filter>Source Files</Filter>
    </ClCompile>
    <ClCompile Include="..\src\window.c">
      <Filter>Source Files</Filter>
    </ClCompile>
    <ClCompile Include="..\src\audio.c">
      <Filter>Source Files</Filter>
    </ClCompile>
    <ClCompile Include="..\src\gfx.c">
      <Filter>Source Files</Filter>
    </ClCompile>
    <ClCompile Include="..\src\peep.c">
      <Filter>Source Files</Filter>
    </ClCompile>
    <ClCompile Include="..\src\news_item.c">
      <Filter>Source Files</Filter>
    </ClCompile>
    <ClCompile Include="..\src\viewport.c">
      <Filter>Source Files</Filter>
    </ClCompile>
    <ClCompile Include="..\src\window_main.c">
      <Filter>Windows</Filter>
    </ClCompile>
    <ClCompile Include="..\src\window_title_menu.c">
      <Filter>Windows</Filter>
    </ClCompile>
    <ClCompile Include="..\src\window_title_logo.c">
      <Filter>Windows</Filter>
    </ClCompile>
    <ClCompile Include="..\src\window_title_exit.c">
      <Filter>Windows</Filter>
    </ClCompile>
    <ClCompile Include="..\src\widget.c">
      <Filter>Source Files</Filter>
    </ClCompile>
    <ClCompile Include="..\src\window_title_scenarioselect.c">
      <Filter>Windows</Filter>
    </ClCompile>
    <ClCompile Include="..\src\scenario.c">
      <Filter>Source Files</Filter>
    </ClCompile>
    <ClCompile Include="..\src\string_ids.c">
      <Filter>Source Files</Filter>
    </ClCompile>
    <ClCompile Include="..\src\config.c">
      <Filter>Source Files</Filter>
    </ClCompile>
    <ClCompile Include="..\src\park.c">
      <Filter>Source Files</Filter>
    </ClCompile>
    <ClCompile Include="..\src\ride.c">
      <Filter>Source Files</Filter>
    </ClCompile>
    <ClCompile Include="..\src\map.c">
      <Filter>Source Files</Filter>
    </ClCompile>
    <ClCompile Include="..\src\date.c">
      <Filter>Source Files</Filter>
    </ClCompile>
    <ClCompile Include="..\src\climate.c">
      <Filter>Source Files</Filter>
    </ClCompile>
    <ClCompile Include="..\src\window_dropdown.c">
      <Filter>Windows</Filter>
    </ClCompile>
    <ClCompile Include="..\src\tutorial.c">
      <Filter>Source Files</Filter>
    </ClCompile>
    <ClCompile Include="..\src\editor.c">
      <Filter>Source Files</Filter>
    </ClCompile>
    <ClCompile Include="..\src\sawyercoding.c">
      <Filter>Source Files</Filter>
    </ClCompile>
    <ClCompile Include="..\src\object.c">
      <Filter>Source Files</Filter>
    </ClCompile>
    <ClCompile Include="..\src\window_game_bottom_toolbar.c">
      <Filter>Windows</Filter>
    </ClCompile>
    <ClCompile Include="..\src\window_game_top_toolbar.c">
      <Filter>Windows</Filter>
    </ClCompile>
    <ClCompile Include="..\src\window_land.c">
      <Filter>Windows</Filter>
    </ClCompile>
    <ClCompile Include="..\src\window_water.c">
      <Filter>Windows</Filter>
    </ClCompile>
    <ClCompile Include="..\src\window_park.c">
      <Filter>Windows</Filter>
    </ClCompile>
    <ClCompile Include="..\src\window_cheats.c">
      <Filter>Windows</Filter>
    </ClCompile>
    <ClCompile Include="..\src\util.c">
      <Filter>Source Files</Filter>
    </ClCompile>
    <ClCompile Include="..\src\window_clear_scenery.c">
      <Filter>Windows</Filter>
    </ClCompile>
    <ClCompile Include="..\src\window_ride_list.c">
      <Filter>Windows</Filter>
    </ClCompile>
    <ClCompile Include="..\src\track.c">
      <Filter>Source Files</Filter>
    </ClCompile>
    <ClCompile Include="..\src\window_tooltip.c">
      <Filter>Windows</Filter>
    </ClCompile>
    <ClCompile Include="..\src\window_error.c">
      <Filter>Windows</Filter>
    </ClCompile>
    <ClCompile Include="..\src\screenshot.c">
      <Filter>Source Files</Filter>
    </ClCompile>
    <ClCompile Include="..\src\window_about.c">
      <Filter>Windows</Filter>
    </ClCompile>
    <ClCompile Include="..\lodepng\lodepng.c">
      <Filter>Source Files</Filter>
    </ClCompile>
    <ClCompile Include="..\src\window_footpath.c">
      <Filter>Windows</Filter>
    </ClCompile>
    <ClCompile Include="..\src\window_save_prompt.c">
      <Filter>Windows</Filter>
    </ClCompile>
    <ClCompile Include="..\src\window_news.c">
      <Filter>Windows</Filter>
    </ClCompile>
    <ClCompile Include="..\src\window_guest_list.c">
      <Filter>Windows</Filter>
    </ClCompile>
    <ClCompile Include="..\src\finance.c">
      <Filter>Source Files</Filter>
    </ClCompile>
    <ClCompile Include="..\src\window_finances.c">
      <Filter>Windows</Filter>
    </ClCompile>
    <ClCompile Include="..\src\window_staff.c">
      <Filter>Windows</Filter>
    </ClCompile>
    <ClCompile Include="..\src\window_banner.c">
      <Filter>Windows</Filter>
    </ClCompile>
    <ClCompile Include="..\src\window_new_ride.c">
      <Filter>Windows</Filter>
    </ClCompile>
    <ClCompile Include="..\src\window_options.c">
      <Filter>Windows</Filter>
    </ClCompile>
    <ClCompile Include="..\src\window_map.c">
      <Filter>Windows</Filter>
    </ClCompile>
    <ClCompile Include="..\src\scenario_list.c">
      <Filter>Source Files</Filter>
    </ClCompile>
  </ItemGroup>
  <ItemGroup>
    <None Include="..\openrct2.exe">
      <Filter>Resource Files</Filter>
    </None>
  </ItemGroup>
</Project>