<?xml version="1.0" encoding="utf-8"?>
<Project ToolsVersion="4.0" xmlns="http://schemas.microsoft.com/developer/msbuild/2003">
  <ItemGroup>
    <Filter Include="Resource Files">
      <UniqueIdentifier>{67DA6AB6-F800-4c08-8B7A-83BB121AAD01}</UniqueIdentifier>
      <Extensions>rc;ico;cur;bmp;dlg;rc2;rct;bin;rgs;gif;jpg;jpeg;jpe;resx;tiff;tif;png;wav;mfcribbon-ms</Extensions>
    </Filter>
    <Filter Include="Libraries">
      <UniqueIdentifier>{29bd2abb-0a50-4c58-9031-bee3f966b249}</UniqueIdentifier>
    </Filter>
    <Filter Include="Libraries\lodepng">
      <UniqueIdentifier>{e9219aff-1bb5-4065-8204-427a97344a43}</UniqueIdentifier>
    </Filter>
    <Filter Include="Libraries\libspeex">
      <UniqueIdentifier>{3c824fc4-8242-4127-a4b4-248435ff9058}</UniqueIdentifier>
    </Filter>
    <Filter Include="Source">
      <UniqueIdentifier>{4c8348c7-dfe9-4368-9d87-29733fe5950a}</UniqueIdentifier>
    </Filter>
    <Filter Include="Source\Audio">
      <UniqueIdentifier>{8e15cd5b-d7a7-4bda-a58a-e1158ad6ffb4}</UniqueIdentifier>
    </Filter>
    <Filter Include="Source\Data">
      <UniqueIdentifier>{ee2e3a6f-1209-407b-8000-a6a4b88d28d9}</UniqueIdentifier>
    </Filter>
    <Filter Include="Source\Data\Language">
      <UniqueIdentifier>{b344ca0f-b412-4924-be08-54bb6f83c3dd}</UniqueIdentifier>
    </Filter>
    <Filter Include="Source\Drawing">
      <UniqueIdentifier>{8a9b8831-4ba9-4104-b13f-949981e10c22}</UniqueIdentifier>
    </Filter>
    <Filter Include="Source\Management">
      <UniqueIdentifier>{97950d17-f655-49bb-85f4-309feb332b02}</UniqueIdentifier>
    </Filter>
    <Filter Include="Source\Interface">
      <UniqueIdentifier>{9ac1caf2-4edc-4237-b441-16cc8923d9e3}</UniqueIdentifier>
    </Filter>
    <Filter Include="Source\Localisation">
      <UniqueIdentifier>{7f7d04b9-188e-4086-a2a2-5b7b2eb2310b}</UniqueIdentifier>
    </Filter>
    <Filter Include="Source\Platform">
      <UniqueIdentifier>{22415bda-c4d8-425c-bd06-4c5bbdffe6d7}</UniqueIdentifier>
    </Filter>
    <Filter Include="Source\Ride">
      <UniqueIdentifier>{3af99868-3e47-4832-bf01-409aec0b08e7}</UniqueIdentifier>
    </Filter>
    <Filter Include="Source\Util">
      <UniqueIdentifier>{2f881d9d-1f7e-40bf-ad3d-92db3a31ce90}</UniqueIdentifier>
    </Filter>
    <Filter Include="Source\World">
      <UniqueIdentifier>{6c8e1ad1-9d13-41f8-a9db-64501ad65503}</UniqueIdentifier>
    </Filter>
    <Filter Include="Source\Windows">
      <UniqueIdentifier>{81716f5d-b396-4a82-a450-76fee56d982b}</UniqueIdentifier>
    </Filter>
    <Filter Include="Libraries\libspeex\speex">
      <UniqueIdentifier>{209155b8-2f61-4e25-ab86-c8aa36357abd}</UniqueIdentifier>
    </Filter>
    <Filter Include="Source\Peep">
      <UniqueIdentifier>{51e38783-5334-464c-8f90-61d725dc8013}</UniqueIdentifier>
    </Filter>
    <Filter Include="Libraries\argparse">
      <UniqueIdentifier>{7e9587b2-333f-42ca-8a56-b77070828b17}</UniqueIdentifier>
    </Filter>
  </ItemGroup>
  <ItemGroup>
    <None Include="..\openrct2.exe">
      <Filter>Resource Files</Filter>
    </None>
  </ItemGroup>
  <ItemGroup>
    <Text Include="..\data\language\dutch.txt">
      <Filter>Source\Data\Language</Filter>
    </Text>
    <Text Include="..\data\language\english_uk.txt">
      <Filter>Source\Data\Language</Filter>
    </Text>
    <Text Include="..\data\language\english_us.txt">
      <Filter>Source\Data\Language</Filter>
    </Text>
    <Text Include="..\data\language\german.txt">
      <Filter>Source\Data\Language</Filter>
    </Text>
    <Text Include="..\data\language\french.txt">
      <Filter>Source\Data\Language</Filter>
    </Text>
    <Text Include="..\data\language\hungarian.txt">
      <Filter>Source\Data\Language</Filter>
    </Text>
    <Text Include="..\data\language\polish.txt">
      <Filter>Source\Data\Language</Filter>
    </Text>
    <Text Include="..\data\language\spanish_sp.txt">
      <Filter>Source\Data\Language</Filter>
    </Text>
    <Text Include="..\data\language\swedish.txt">
      <Filter>Source\Data\Language</Filter>
    </Text>
  </ItemGroup>
  <ItemGroup>
    <ClCompile Include="..\src\management\award.c">
      <Filter>Source\Management</Filter>
    </ClCompile>
    <ClCompile Include="..\src\management\finance.c">
      <Filter>Source\Management</Filter>
    </ClCompile>
    <ClCompile Include="..\src\management\marketing.c">
      <Filter>Source\Management</Filter>
    </ClCompile>
    <ClCompile Include="..\src\management\news_item.c">
      <Filter>Source\Management</Filter>
    </ClCompile>
    <ClCompile Include="..\src\audio\audio.c">
      <Filter>Source\Audio</Filter>
    </ClCompile>
    <ClCompile Include="..\src\audio\mixer.cpp">
      <Filter>Source\Audio</Filter>
    </ClCompile>
    <ClCompile Include="..\src\interface\graph.c">
      <Filter>Source\Interface</Filter>
    </ClCompile>
    <ClCompile Include="..\src\interface\screenshot.c">
      <Filter>Source\Interface</Filter>
    </ClCompile>
    <ClCompile Include="..\src\interface\viewport.c">
      <Filter>Source\Interface</Filter>
    </ClCompile>
    <ClCompile Include="..\src\interface\widget.c">
      <Filter>Source\Interface</Filter>
    </ClCompile>
    <ClCompile Include="..\src\interface\window.c">
      <Filter>Source\Interface</Filter>
    </ClCompile>
    <ClCompile Include="..\src\world\climate.c">
      <Filter>Source\World</Filter>
    </ClCompile>
    <ClCompile Include="..\src\world\map.c">
      <Filter>Source\World</Filter>
    </ClCompile>
    <ClCompile Include="..\src\world\park.c">
      <Filter>Source\World</Filter>
    </ClCompile>
    <ClCompile Include="..\src\world\sprite.c">
      <Filter>Source\World</Filter>
    </ClCompile>
    <ClCompile Include="..\src\windows\about.c">
      <Filter>Source\Windows</Filter>
    </ClCompile>
    <ClCompile Include="..\src\windows\banner.c">
      <Filter>Source\Windows</Filter>
    </ClCompile>
    <ClCompile Include="..\src\windows\cheats.c">
      <Filter>Source\Windows</Filter>
    </ClCompile>
    <ClCompile Include="..\src\windows\clear_scenery.c">
      <Filter>Source\Windows</Filter>
    </ClCompile>
    <ClCompile Include="..\src\windows\dropdown.c">
      <Filter>Source\Windows</Filter>
    </ClCompile>
    <ClCompile Include="..\src\windows\error.c">
      <Filter>Source\Windows</Filter>
    </ClCompile>
    <ClCompile Include="..\src\windows\finances.c">
      <Filter>Source\Windows</Filter>
    </ClCompile>
    <ClCompile Include="..\src\windows\footpath.c">
      <Filter>Source\Windows</Filter>
    </ClCompile>
    <ClCompile Include="..\src\windows\game_bottom_toolbar.c">
      <Filter>Source\Windows</Filter>
    </ClCompile>
    <ClCompile Include="..\src\windows\game_top_toolbar.c">
      <Filter>Source\Windows</Filter>
    </ClCompile>
    <ClCompile Include="..\src\windows\guest_list.c">
      <Filter>Source\Windows</Filter>
    </ClCompile>
    <ClCompile Include="..\src\windows\land.c">
      <Filter>Source\Windows</Filter>
    </ClCompile>
    <ClCompile Include="..\src\windows\main.c">
      <Filter>Source\Windows</Filter>
    </ClCompile>
    <ClCompile Include="..\src\windows\map.c">
      <Filter>Source\Windows</Filter>
    </ClCompile>
    <ClCompile Include="..\src\windows\music_credits.c">
      <Filter>Source\Windows</Filter>
    </ClCompile>
    <ClCompile Include="..\src\windows\new_campaign.c">
      <Filter>Source\Windows</Filter>
    </ClCompile>
    <ClCompile Include="..\src\windows\new_ride.c">
      <Filter>Source\Windows</Filter>
    </ClCompile>
    <ClCompile Include="..\src\windows\news.c">
      <Filter>Source\Windows</Filter>
    </ClCompile>
    <ClCompile Include="..\src\windows\options.c">
      <Filter>Source\Windows</Filter>
    </ClCompile>
    <ClCompile Include="..\src\windows\park.c">
      <Filter>Source\Windows</Filter>
    </ClCompile>
    <ClCompile Include="..\src\windows\publisher_credits.c">
      <Filter>Source\Windows</Filter>
    </ClCompile>
    <ClCompile Include="..\src\windows\research.c">
      <Filter>Source\Windows</Filter>
    </ClCompile>
    <ClCompile Include="..\src\windows\ride.c">
      <Filter>Source\Windows</Filter>
    </ClCompile>
    <ClCompile Include="..\src\windows\ride_list.c">
      <Filter>Source\Windows</Filter>
    </ClCompile>
    <ClCompile Include="..\src\windows\save_prompt.c">
      <Filter>Source\Windows</Filter>
    </ClCompile>
    <ClCompile Include="..\src\windows\scenery.c">
      <Filter>Source\Windows</Filter>
    </ClCompile>
    <ClCompile Include="..\src\windows\title_exit.c">
      <Filter>Source\Windows</Filter>
    </ClCompile>
    <ClCompile Include="..\src\windows\title_logo.c">
      <Filter>Source\Windows</Filter>
    </ClCompile>
    <ClCompile Include="..\src\windows\title_menu.c">
      <Filter>Source\Windows</Filter>
    </ClCompile>
    <ClCompile Include="..\src\windows\title_scenarioselect.c">
      <Filter>Source\Windows</Filter>
    </ClCompile>
    <ClCompile Include="..\src\windows\tooltip.c">
      <Filter>Source\Windows</Filter>
    </ClCompile>
    <ClCompile Include="..\src\windows\track_list.c">
      <Filter>Source\Windows</Filter>
    </ClCompile>
    <ClCompile Include="..\src\windows\track_manage.c">
      <Filter>Source\Windows</Filter>
    </ClCompile>
    <ClCompile Include="..\src\windows\track_place.c">
      <Filter>Source\Windows</Filter>
    </ClCompile>
    <ClCompile Include="..\src\windows\water.c">
      <Filter>Source\Windows</Filter>
    </ClCompile>
    <ClCompile Include="..\src\localisation\currency.c">
      <Filter>Source\Localisation</Filter>
    </ClCompile>
    <ClCompile Include="..\src\localisation\language.c">
      <Filter>Source\Localisation</Filter>
    </ClCompile>
    <ClCompile Include="..\src\platform\osinterface.c">
      <Filter>Source\Platform</Filter>
    </ClCompile>
    <ClCompile Include="..\src\ride\ride.c">
      <Filter>Source\Ride</Filter>
    </ClCompile>
    <ClCompile Include="..\src\ride\ride_data.c">
      <Filter>Source\Ride</Filter>
    </ClCompile>
    <ClCompile Include="..\src\ride\ride_ratings.c">
      <Filter>Source\Ride</Filter>
    </ClCompile>
    <ClCompile Include="..\src\ride\track.c">
      <Filter>Source\Ride</Filter>
    </ClCompile>
    <ClCompile Include="..\src\ride\vehicle.c">
      <Filter>Source\Ride</Filter>
    </ClCompile>
    <ClCompile Include="..\src\util\sawyercoding.c">
      <Filter>Source\Util</Filter>
    </ClCompile>
    <ClCompile Include="..\src\util\util.c">
      <Filter>Source\Util</Filter>
    </ClCompile>
    <ClCompile Include="..\src\config.c">
      <Filter>Source</Filter>
    </ClCompile>
    <ClCompile Include="..\src\editor.c">
      <Filter>Source</Filter>
    </ClCompile>
    <ClCompile Include="..\src\game.c">
      <Filter>Source</Filter>
    </ClCompile>
    <ClCompile Include="..\src\hook.c">
      <Filter>Source</Filter>
    </ClCompile>
    <ClCompile Include="..\src\input.c">
      <Filter>Source</Filter>
    </ClCompile>
    <ClCompile Include="..\src\intro.c">
      <Filter>Source</Filter>
    </ClCompile>
    <ClCompile Include="..\src\object.c">
      <Filter>Source</Filter>
    </ClCompile>
    <ClCompile Include="..\src\object_list.c">
      <Filter>Source</Filter>
    </ClCompile>
    <ClCompile Include="..\src\rct2.c">
      <Filter>Source</Filter>
    </ClCompile>
    <ClCompile Include="..\src\scenario.c">
      <Filter>Source</Filter>
    </ClCompile>
    <ClCompile Include="..\src\scenario_list.c">
      <Filter>Source</Filter>
    </ClCompile>
    <ClCompile Include="..\src\title.c">
      <Filter>Source</Filter>
    </ClCompile>
    <ClCompile Include="..\src\tutorial.c">
      <Filter>Source</Filter>
    </ClCompile>
    <ClCompile Include="..\src\localisation\date.c">
      <Filter>Source\Localisation</Filter>
    </ClCompile>
    <ClCompile Include="..\src\drawing\rect.c">
      <Filter>Source\Drawing</Filter>
    </ClCompile>
    <ClCompile Include="..\src\drawing\string.c">
      <Filter>Source\Drawing</Filter>
    </ClCompile>
    <ClCompile Include="..\src\drawing\line.c">
      <Filter>Source\Drawing</Filter>
    </ClCompile>
    <ClCompile Include="..\src\drawing\sprite.c">
      <Filter>Source\Drawing</Filter>
    </ClCompile>
    <ClCompile Include="..\src\drawing\drawing.c">
      <Filter>Source\Drawing</Filter>
    </ClCompile>
    <ClCompile Include="..\src\localisation\real_names.c">
      <Filter>Source\Localisation</Filter>
    </ClCompile>
    <ClCompile Include="..\src\platform\windows.c">
      <Filter>Source\Platform</Filter>
    </ClCompile>
    <ClCompile Include="..\src\platform\osx.c">
      <Filter>Source\Platform</Filter>
    </ClCompile>
    <ClCompile Include="..\src\platform\unix.c">
      <Filter>Source\Platform</Filter>
    </ClCompile>
    <ClCompile Include="..\src\platform\shared.c">
      <Filter>Source\Platform</Filter>
    </ClCompile>
    <ClCompile Include="..\src\localisation\localisation.c">
      <Filter>Source\Localisation</Filter>
    </ClCompile>
    <ClCompile Include="..\src\peep\peep.c">
      <Filter>Source\Peep</Filter>
    </ClCompile>
    <ClCompile Include="..\src\peep\staff.c">
      <Filter>Source\Peep</Filter>
    </ClCompile>
    <ClCompile Include="..\src\management\research.c">
      <Filter>Source\Management</Filter>
    </ClCompile>
    <ClCompile Include="..\src\windows\staff_list.c">
      <Filter>Source\Windows</Filter>
    </ClCompile>
    <ClCompile Include="..\src\windows\staff.c">
      <Filter>Source\Windows</Filter>
    </ClCompile>
    <ClCompile Include="..\src\windows\guest.c">
      <Filter>Source\Windows</Filter>
    </ClCompile>
    <ClCompile Include="..\src\windows\shortcut_key_change.c">
      <Filter>Source\Windows</Filter>
    </ClCompile>
    <ClCompile Include="..\src\windows\shortcut_keys.c">
      <Filter>Source\Windows</Filter>
    </ClCompile>
    <ClCompile Include="..\lib\lodepng\lodepng.c" />
    <ClCompile Include="..\lib\lodepng\lodepng.c" />
    <ClCompile Include="..\lib\lodepng\lodepng.c" />
    <ClCompile Include="..\lib\lodepng\lodepng.c" />
    <ClCompile Include="..\src\drawing\rain.c">
      <Filter>Source\Drawing</Filter>
    </ClCompile>
    <ClCompile Include="..\lib\lodepng\lodepng.c" />
    <ClCompile Include="..\lib\lodepng\lodepng.c" />
    <ClCompile Include="..\lib\lodepng\lodepng.c" />
    <ClCompile Include="..\lib\lodepng\lodepng.c" />
    <ClCompile Include="..\lib\lodepng\lodepng.c" />
    <ClCompile Include="..\lib\lodepng\lodepng.c" />
    <ClCompile Include="..\lib\lodepng\lodepng.c" />
    <ClCompile Include="..\lib\lodepng\lodepng.c" />
    <ClCompile Include="..\lib\libspeex\resample.c;..\lib\lodepng\lodepng.c" />
    <ClCompile Include="..\lib\libspeex\resample.c;..\lib\lodepng\lodepng.c" />
    <ClCompile Include="..\src\cmdline.c">
      <Filter>Source</Filter>
    </ClCompile>
    <ClCompile Include="..\src\openrct2.c">
      <Filter>Source</Filter>
    </ClCompile>
    <ClCompile Include="..\lib\argparse\argparse.c">
      <Filter>Libraries\argparse</Filter>
    </ClCompile>
    <ClCompile Include="..\lib\libspeex\resample.c;..\lib\lodepng\lodepng.c" />
    <ClCompile Include="..\lib\libspeex\resample.c;..\lib\lodepng\lodepng.c" />
    <ClCompile Include="..\src\world\fountain.c">
      <Filter>Source\World</Filter>
    </ClCompile>
    <ClCompile Include="..\lib\libspeex\resample.c;..\lib\lodepng\lodepng.c" />
    <ClCompile Include="..\src\world\banner.c">
      <Filter>Source\World</Filter>
    </ClCompile>
    <ClCompile Include="..\src\windows\staff_fire_prompt.c">
      <Filter>Source\Windows</Filter>
    </ClCompile>
    <ClCompile Include="..\lib\libspeex\resample.c;..\lib\lodepng\lodepng.c" />
    <ClCompile Include="..\src\windows\viewport.c">
      <Filter>Source\Windows</Filter>
    </ClCompile>
    <ClCompile Include="..\src\windows\text_input.c">
      <Filter>Source\Windows</Filter>
    </ClCompile>
    <ClCompile Include="..\lib\libspeex\resample.c;..\lib\lodepng\lodepng.c" />
    <ClCompile Include="..\src\windows\map_tooltip.c">
      <Filter>Source\Windows</Filter>
    </ClCompile>
    <ClCompile Include="..\lib\libspeex\resample.c;..\lib\lodepng\lodepng.c" />
    <ClCompile Include="..\src\windows\demolish_ride_prompt.c">
      <Filter>Source\Windows</Filter>
    </ClCompile>
    <ClCompile Include="..\src\windows\sign.c">
      <Filter>Source\Windows</Filter>
    </ClCompile>
    <ClCompile Include="..\lib\libspeex\resample.c;..\lib\lodepng\lodepng.c" />
    <ClCompile Include="..\src\ride\station.c">
      <Filter>Source\Ride</Filter>
    </ClCompile>
  </ItemGroup>
  <ItemGroup>
    <ClInclude Include="..\src\management\award.h">
      <Filter>Source\Management</Filter>
    </ClInclude>
    <ClInclude Include="..\src\management\finance.h">
      <Filter>Source\Management</Filter>
    </ClInclude>
    <ClInclude Include="..\src\management\marketing.h">
      <Filter>Source\Management</Filter>
    </ClInclude>
    <ClInclude Include="..\src\management\news_item.h">
      <Filter>Source\Management</Filter>
    </ClInclude>
    <ClInclude Include="..\src\audio\audio.h">
      <Filter>Source\Audio</Filter>
    </ClInclude>
    <ClInclude Include="..\src\audio\mixer.h">
      <Filter>Source\Audio</Filter>
    </ClInclude>
    <ClInclude Include="..\src\interface\graph.h">
      <Filter>Source\Interface</Filter>
    </ClInclude>
    <ClInclude Include="..\src\interface\screenshot.h">
      <Filter>Source\Interface</Filter>
    </ClInclude>
    <ClInclude Include="..\src\interface\viewport.h">
      <Filter>Source\Interface</Filter>
    </ClInclude>
    <ClInclude Include="..\src\interface\widget.h">
      <Filter>Source\Interface</Filter>
    </ClInclude>
    <ClInclude Include="..\src\interface\window.h">
      <Filter>Source\Interface</Filter>
    </ClInclude>
    <ClInclude Include="..\src\world\climate.h">
      <Filter>Source\World</Filter>
    </ClInclude>
    <ClInclude Include="..\src\world\map.h">
      <Filter>Source\World</Filter>
    </ClInclude>
    <ClInclude Include="..\src\world\park.h">
      <Filter>Source\World</Filter>
    </ClInclude>
    <ClInclude Include="..\src\world\scenery.h">
      <Filter>Source\World</Filter>
    </ClInclude>
    <ClInclude Include="..\src\world\sprite.h">
      <Filter>Source\World</Filter>
    </ClInclude>
    <ClInclude Include="..\src\windows\dropdown.h">
      <Filter>Source\Windows</Filter>
    </ClInclude>
    <ClInclude Include="..\src\windows\error.h">
      <Filter>Source\Windows</Filter>
    </ClInclude>
    <ClInclude Include="..\src\windows\scenery.h">
      <Filter>Source\Windows</Filter>
    </ClInclude>
    <ClInclude Include="..\src\windows\tooltip.h">
      <Filter>Source\Windows</Filter>
    </ClInclude>
    <ClInclude Include="..\src\localisation\currency.h">
      <Filter>Source\Localisation</Filter>
    </ClInclude>
    <ClInclude Include="..\src\localisation\language.h">
      <Filter>Source\Localisation</Filter>
    </ClInclude>
    <ClInclude Include="..\src\localisation\string_ids.h">
      <Filter>Source\Localisation</Filter>
    </ClInclude>
    <ClInclude Include="..\src\platform\osinterface.h">
      <Filter>Source\Platform</Filter>
    </ClInclude>
    <ClInclude Include="..\src\ride\ride.h">
      <Filter>Source\Ride</Filter>
    </ClInclude>
    <ClInclude Include="..\src\ride\ride_data.h">
      <Filter>Source\Ride</Filter>
    </ClInclude>
    <ClInclude Include="..\src\ride\ride_ratings.h">
      <Filter>Source\Ride</Filter>
    </ClInclude>
    <ClInclude Include="..\src\ride\track.h">
      <Filter>Source\Ride</Filter>
    </ClInclude>
    <ClInclude Include="..\src\ride\vehicle.h">
      <Filter>Source\Ride</Filter>
    </ClInclude>
    <ClInclude Include="..\src\util\sawyercoding.h">
      <Filter>Source\Util</Filter>
    </ClInclude>
    <ClInclude Include="..\src\util\util.h">
      <Filter>Source\Util</Filter>
    </ClInclude>
    <ClInclude Include="..\src\addresses.h">
      <Filter>Source</Filter>
    </ClInclude>
    <ClInclude Include="..\src\config.h">
      <Filter>Source</Filter>
    </ClInclude>
    <ClInclude Include="..\src\cursors.h">
      <Filter>Source</Filter>
    </ClInclude>
    <ClInclude Include="..\src\editor.h">
      <Filter>Source</Filter>
    </ClInclude>
    <ClInclude Include="..\src\game.h">
      <Filter>Source</Filter>
    </ClInclude>
    <ClInclude Include="..\src\hook.h">
      <Filter>Source</Filter>
    </ClInclude>
    <ClInclude Include="..\src\input.h">
      <Filter>Source</Filter>
    </ClInclude>
    <ClInclude Include="..\src\intro.h">
      <Filter>Source</Filter>
    </ClInclude>
    <ClInclude Include="..\src\object.h">
      <Filter>Source</Filter>
    </ClInclude>
    <ClInclude Include="..\src\rct2.h">
      <Filter>Source</Filter>
    </ClInclude>
    <ClInclude Include="..\src\scenario.h">
      <Filter>Source</Filter>
    </ClInclude>
    <ClInclude Include="..\src\sprites.h">
      <Filter>Source</Filter>
    </ClInclude>
    <ClInclude Include="..\src\title.h">
      <Filter>Source</Filter>
    </ClInclude>
    <ClInclude Include="..\src\tutorial.h">
      <Filter>Source</Filter>
    </ClInclude>
    <ClInclude Include="..\src\localisation\date.h">
      <Filter>Source\Localisation</Filter>
    </ClInclude>
    <ClInclude Include="..\src\drawing\drawing.h">
      <Filter>Source\Drawing</Filter>
    </ClInclude>
    <ClInclude Include="..\src\common.h">
      <Filter>Source</Filter>
    </ClInclude>
    <ClInclude Include="..\src\localisation\localisation.h">
      <Filter>Source\Localisation</Filter>
    </ClInclude>
    <ClInclude Include="..\src\platform\platform.h">
      <Filter>Source\Platform</Filter>
    </ClInclude>
    <ClInclude Include="..\src\localisation\format_codes.h">
      <Filter>Source\Localisation</Filter>
    </ClInclude>
    <ClInclude Include="..\lib\lodepng\lodepng.h">
      <Filter>Libraries\lodepng</Filter>
    </ClInclude>
    <ClInclude Include="..\lib\libspeex\arch.h">
      <Filter>Libraries\libspeex</Filter>
    </ClInclude>
    <ClInclude Include="..\lib\libspeex\config.h">
      <Filter>Libraries\libspeex</Filter>
    </ClInclude>
    <ClInclude Include="..\lib\libspeex\os_support.h">
      <Filter>Libraries\libspeex</Filter>
    </ClInclude>
    <ClInclude Include="..\lib\libspeex\stack_alloc.h">
      <Filter>Libraries\libspeex</Filter>
    </ClInclude>
    <ClInclude Include="..\lib\libspeex\speex\speex_resampler.h">
      <Filter>Libraries\libspeex\speex</Filter>
    </ClInclude>
    <ClInclude Include="..\lib\libspeex\speex\speex_types.h">
      <Filter>Libraries\libspeex\speex</Filter>
    </ClInclude>
    <ClInclude Include="..\src\peep\peep.h">
      <Filter>Source\Peep</Filter>
    </ClInclude>
    <ClInclude Include="..\src\peep\staff.h">
      <Filter>Source\Peep</Filter>
    </ClInclude>
    <ClInclude Include="..\src\management\research.h">
      <Filter>Source\Management</Filter>
    </ClInclude>
    <ClInclude Include="..\src\cmdline.h">
      <Filter>Source</Filter>
    </ClInclude>
    <ClInclude Include="..\src\openrct2.h">
      <Filter>Source</Filter>
    </ClInclude>
    <ClInclude Include="..\lib\argparse\argparse.h">
      <Filter>Libraries\argparse</Filter>
    </ClInclude>
    <ClInclude Include="..\src\world\banner.h">
      <Filter>Source\World</Filter>
    </ClInclude>
    <ClInclude Include="..\src\ride\station.h">
      <Filter>Source\Ride</Filter>
    </ClInclude>
  </ItemGroup>
</Project>