<?xml version="1.0" encoding="utf-8"?>
<Project ToolsVersion="4.0" xmlns="http://schemas.microsoft.com/developer/msbuild/2003">
  <ItemGroup>
    <Filter Include="Resource Files">
      <UniqueIdentifier>{67DA6AB6-F800-4c08-8B7A-83BB121AAD01}</UniqueIdentifier>
      <Extensions>rc;ico;cur;bmp;dlg;rc2;rct;bin;rgs;gif;jpg;jpeg;jpe;resx;tiff;tif;png;wav;mfcribbon-ms</Extensions>
    </Filter>
    <Filter Include="Source">
      <UniqueIdentifier>{4c8348c7-dfe9-4368-9d87-29733fe5950a}</UniqueIdentifier>
    </Filter>
    <Filter Include="Source\Audio">
      <UniqueIdentifier>{8e15cd5b-d7a7-4bda-a58a-e1158ad6ffb4}</UniqueIdentifier>
    </Filter>
    <Filter Include="Source\Drawing">
      <UniqueIdentifier>{8a9b8831-4ba9-4104-b13f-949981e10c22}</UniqueIdentifier>
    </Filter>
    <Filter Include="Source\Management">
      <UniqueIdentifier>{97950d17-f655-49bb-85f4-309feb332b02}</UniqueIdentifier>
    </Filter>
    <Filter Include="Source\Interface">
      <UniqueIdentifier>{9ac1caf2-4edc-4237-b441-16cc8923d9e3}</UniqueIdentifier>
    </Filter>
    <Filter Include="Source\Localisation">
      <UniqueIdentifier>{7f7d04b9-188e-4086-a2a2-5b7b2eb2310b}</UniqueIdentifier>
    </Filter>
    <Filter Include="Source\Platform">
      <UniqueIdentifier>{22415bda-c4d8-425c-bd06-4c5bbdffe6d7}</UniqueIdentifier>
    </Filter>
    <Filter Include="Source\Ride">
      <UniqueIdentifier>{3af99868-3e47-4832-bf01-409aec0b08e7}</UniqueIdentifier>
    </Filter>
    <Filter Include="Source\Util">
      <UniqueIdentifier>{2f881d9d-1f7e-40bf-ad3d-92db3a31ce90}</UniqueIdentifier>
    </Filter>
    <Filter Include="Source\World">
      <UniqueIdentifier>{6c8e1ad1-9d13-41f8-a9db-64501ad65503}</UniqueIdentifier>
    </Filter>
    <Filter Include="Source\Windows">
      <UniqueIdentifier>{81716f5d-b396-4a82-a450-76fee56d982b}</UniqueIdentifier>
    </Filter>
    <Filter Include="Source\Peep">
      <UniqueIdentifier>{51e38783-5334-464c-8f90-61d725dc8013}</UniqueIdentifier>
    </Filter>
    <Filter Include="Source\Network">
      <UniqueIdentifier>{ae88ed08-902b-4167-a78c-9b521ce67749}</UniqueIdentifier>
    </Filter>
    <Filter Include="Test">
      <UniqueIdentifier>{9b842d7a-225e-4ba9-807d-1cb6ebacbdd0}</UniqueIdentifier>
    </Filter>
    <Filter Include="Test\Management">
      <UniqueIdentifier>{73238872-312d-437f-8497-7cb66466d835}</UniqueIdentifier>
    </Filter>
    <Filter Include="Test\Ride">
      <UniqueIdentifier>{c6b9c169-ff2a-41df-9b1c-47d15763c3e2}</UniqueIdentifier>
    </Filter>
  </ItemGroup>
  <ItemGroup>
    <None Include="..\openrct2.exe">
      <Filter>Resource Files</Filter>
    </None>
    <None Include="..\curl-ca-bundle.crt">
      <Filter>Resource Files</Filter>
    </None>
  </ItemGroup>
  <ItemGroup>
    <ClCompile Include="..\src\management\award.c">
      <Filter>Source\Management</Filter>
    </ClCompile>
    <ClCompile Include="..\src\management\finance.c">
      <Filter>Source\Management</Filter>
    </ClCompile>
    <ClCompile Include="..\src\management\marketing.c">
      <Filter>Source\Management</Filter>
    </ClCompile>
    <ClCompile Include="..\src\management\news_item.c">
      <Filter>Source\Management</Filter>
    </ClCompile>
    <ClCompile Include="..\src\audio\audio.c">
      <Filter>Source\Audio</Filter>
    </ClCompile>
    <ClCompile Include="..\src\audio\mixer.cpp">
      <Filter>Source\Audio</Filter>
    </ClCompile>
    <ClCompile Include="..\src\interface\graph.c">
      <Filter>Source\Interface</Filter>
    </ClCompile>
    <ClCompile Include="..\src\interface\screenshot.c">
      <Filter>Source\Interface</Filter>
    </ClCompile>
    <ClCompile Include="..\src\interface\viewport.c">
      <Filter>Source\Interface</Filter>
    </ClCompile>
    <ClCompile Include="..\src\interface\widget.c">
      <Filter>Source\Interface</Filter>
    </ClCompile>
    <ClCompile Include="..\src\interface\window.c">
      <Filter>Source\Interface</Filter>
    </ClCompile>
    <ClCompile Include="..\src\world\climate.c">
      <Filter>Source\World</Filter>
    </ClCompile>
    <ClCompile Include="..\src\world\map.c">
      <Filter>Source\World</Filter>
    </ClCompile>
    <ClCompile Include="..\src\world\park.c">
      <Filter>Source\World</Filter>
    </ClCompile>
    <ClCompile Include="..\src\world\sprite.c">
      <Filter>Source\World</Filter>
    </ClCompile>
    <ClCompile Include="..\src\windows\about.c">
      <Filter>Source\Windows</Filter>
    </ClCompile>
    <ClCompile Include="..\src\windows\banner.c">
      <Filter>Source\Windows</Filter>
    </ClCompile>
    <ClCompile Include="..\src\windows\cheats.c">
      <Filter>Source\Windows</Filter>
    </ClCompile>
    <ClCompile Include="..\src\windows\clear_scenery.c">
      <Filter>Source\Windows</Filter>
    </ClCompile>
    <ClCompile Include="..\src\windows\dropdown.c">
      <Filter>Source\Windows</Filter>
    </ClCompile>
    <ClCompile Include="..\src\windows\error.c">
      <Filter>Source\Windows</Filter>
    </ClCompile>
    <ClCompile Include="..\src\windows\finances.c">
      <Filter>Source\Windows</Filter>
    </ClCompile>
    <ClCompile Include="..\src\windows\footpath.c">
      <Filter>Source\Windows</Filter>
    </ClCompile>
    <ClCompile Include="..\src\windows\game_bottom_toolbar.c">
      <Filter>Source\Windows</Filter>
    </ClCompile>
    <ClCompile Include="..\src\windows\guest_list.c">
      <Filter>Source\Windows</Filter>
    </ClCompile>
    <ClCompile Include="..\src\windows\land.c">
      <Filter>Source\Windows</Filter>
    </ClCompile>
    <ClCompile Include="..\src\windows\main.c">
      <Filter>Source\Windows</Filter>
    </ClCompile>
    <ClCompile Include="..\src\windows\map.c">
      <Filter>Source\Windows</Filter>
    </ClCompile>
    <ClCompile Include="..\src\windows\music_credits.c">
      <Filter>Source\Windows</Filter>
    </ClCompile>
    <ClCompile Include="..\src\windows\new_campaign.c">
      <Filter>Source\Windows</Filter>
    </ClCompile>
    <ClCompile Include="..\src\windows\new_ride.c">
      <Filter>Source\Windows</Filter>
    </ClCompile>
    <ClCompile Include="..\src\windows\news.c">
      <Filter>Source\Windows</Filter>
    </ClCompile>
    <ClCompile Include="..\src\windows\options.c">
      <Filter>Source\Windows</Filter>
    </ClCompile>
    <ClCompile Include="..\src\windows\park.c">
      <Filter>Source\Windows</Filter>
    </ClCompile>
    <ClCompile Include="..\src\windows\publisher_credits.c">
      <Filter>Source\Windows</Filter>
    </ClCompile>
    <ClCompile Include="..\src\windows\research.c">
      <Filter>Source\Windows</Filter>
    </ClCompile>
    <ClCompile Include="..\src\windows\ride.c">
      <Filter>Source\Windows</Filter>
    </ClCompile>
    <ClCompile Include="..\src\windows\ride_list.c">
      <Filter>Source\Windows</Filter>
    </ClCompile>
    <ClCompile Include="..\src\windows\save_prompt.c">
      <Filter>Source\Windows</Filter>
    </ClCompile>
    <ClCompile Include="..\src\windows\scenery.c">
      <Filter>Source\Windows</Filter>
    </ClCompile>
    <ClCompile Include="..\src\windows\title_exit.c">
      <Filter>Source\Windows</Filter>
    </ClCompile>
    <ClCompile Include="..\src\windows\title_logo.c">
      <Filter>Source\Windows</Filter>
    </ClCompile>
    <ClCompile Include="..\src\windows\title_menu.c">
      <Filter>Source\Windows</Filter>
    </ClCompile>
    <ClCompile Include="..\src\windows\title_scenarioselect.c">
      <Filter>Source\Windows</Filter>
    </ClCompile>
    <ClCompile Include="..\src\windows\tooltip.c">
      <Filter>Source\Windows</Filter>
    </ClCompile>
    <ClCompile Include="..\src\windows\track_list.c">
      <Filter>Source\Windows</Filter>
    </ClCompile>
    <ClCompile Include="..\src\windows\track_manage.c">
      <Filter>Source\Windows</Filter>
    </ClCompile>
    <ClCompile Include="..\src\windows\track_place.c">
      <Filter>Source\Windows</Filter>
    </ClCompile>
    <ClCompile Include="..\src\windows\water.c">
      <Filter>Source\Windows</Filter>
    </ClCompile>
    <ClCompile Include="..\src\localisation\currency.c">
      <Filter>Source\Localisation</Filter>
    </ClCompile>
    <ClCompile Include="..\src\localisation\language.c">
      <Filter>Source\Localisation</Filter>
    </ClCompile>
    <ClCompile Include="..\src\ride\ride.c">
      <Filter>Source\Ride</Filter>
    </ClCompile>
    <ClCompile Include="..\src\ride\ride_data.c">
      <Filter>Source\Ride</Filter>
    </ClCompile>
    <ClCompile Include="..\src\ride\ride_ratings.c">
      <Filter>Source\Ride</Filter>
    </ClCompile>
    <ClCompile Include="..\src\ride\track.c">
      <Filter>Source\Ride</Filter>
    </ClCompile>
    <ClCompile Include="..\src\ride\vehicle.c">
      <Filter>Source\Ride</Filter>
    </ClCompile>
    <ClCompile Include="..\src\util\sawyercoding.c">
      <Filter>Source\Util</Filter>
    </ClCompile>
    <ClCompile Include="..\src\util\util.c">
      <Filter>Source\Util</Filter>
    </ClCompile>
    <ClCompile Include="..\src\editor.c">
      <Filter>Source</Filter>
    </ClCompile>
    <ClCompile Include="..\src\game.c">
      <Filter>Source</Filter>
    </ClCompile>
    <ClCompile Include="..\src\hook.c">
      <Filter>Source</Filter>
    </ClCompile>
    <ClCompile Include="..\src\input.c">
      <Filter>Source</Filter>
    </ClCompile>
    <ClCompile Include="..\src\intro.c">
      <Filter>Source</Filter>
    </ClCompile>
    <ClCompile Include="..\src\object.c">
      <Filter>Source</Filter>
    </ClCompile>
    <ClCompile Include="..\src\object_list.c">
      <Filter>Source</Filter>
    </ClCompile>
    <ClCompile Include="..\src\rct2.c">
      <Filter>Source</Filter>
    </ClCompile>
    <ClCompile Include="..\src\scenario.c">
      <Filter>Source</Filter>
    </ClCompile>
    <ClCompile Include="..\src\scenario_list.c">
      <Filter>Source</Filter>
    </ClCompile>
    <ClCompile Include="..\src\title.c">
      <Filter>Source</Filter>
    </ClCompile>
    <ClCompile Include="..\src\tutorial.c">
      <Filter>Source</Filter>
    </ClCompile>
    <ClCompile Include="..\src\localisation\date.c">
      <Filter>Source\Localisation</Filter>
    </ClCompile>
    <ClCompile Include="..\src\drawing\rect.c">
      <Filter>Source\Drawing</Filter>
    </ClCompile>
    <ClCompile Include="..\src\drawing\string.c">
      <Filter>Source\Drawing</Filter>
    </ClCompile>
    <ClCompile Include="..\src\drawing\line.c">
      <Filter>Source\Drawing</Filter>
    </ClCompile>
    <ClCompile Include="..\src\drawing\sprite.c">
      <Filter>Source\Drawing</Filter>
    </ClCompile>
    <ClCompile Include="..\src\drawing\drawing.c">
      <Filter>Source\Drawing</Filter>
    </ClCompile>
    <ClCompile Include="..\src\localisation\real_names.c">
      <Filter>Source\Localisation</Filter>
    </ClCompile>
    <ClCompile Include="..\src\platform\windows.c">
      <Filter>Source\Platform</Filter>
    </ClCompile>
    <ClCompile Include="..\src\platform\osx.c">
      <Filter>Source\Platform</Filter>
    </ClCompile>
    <ClCompile Include="..\src\platform\unix.c">
      <Filter>Source\Platform</Filter>
    </ClCompile>
    <ClCompile Include="..\src\platform\shared.c">
      <Filter>Source\Platform</Filter>
    </ClCompile>
    <ClCompile Include="..\src\localisation\localisation.c">
      <Filter>Source\Localisation</Filter>
    </ClCompile>
    <ClCompile Include="..\src\peep\peep.c">
      <Filter>Source\Peep</Filter>
    </ClCompile>
    <ClCompile Include="..\src\peep\staff.c">
      <Filter>Source\Peep</Filter>
    </ClCompile>
    <ClCompile Include="..\src\management\research.c">
      <Filter>Source\Management</Filter>
    </ClCompile>
    <ClCompile Include="..\src\windows\staff_list.c">
      <Filter>Source\Windows</Filter>
    </ClCompile>
    <ClCompile Include="..\src\windows\staff.c">
      <Filter>Source\Windows</Filter>
    </ClCompile>
    <ClCompile Include="..\src\windows\guest.c">
      <Filter>Source\Windows</Filter>
    </ClCompile>
    <ClCompile Include="..\src\windows\shortcut_key_change.c">
      <Filter>Source\Windows</Filter>
    </ClCompile>
    <ClCompile Include="..\src\windows\shortcut_keys.c">
      <Filter>Source\Windows</Filter>
    </ClCompile>
    <ClCompile Include="..\src\drawing\rain.c">
      <Filter>Source\Drawing</Filter>
    </ClCompile>
    <ClCompile Include="..\src\cmdline.c">
      <Filter>Source</Filter>
    </ClCompile>
    <ClCompile Include="..\src\openrct2.c">
      <Filter>Source</Filter>
    </ClCompile>
    <ClCompile Include="..\src\world\fountain.c">
      <Filter>Source\World</Filter>
    </ClCompile>
    <ClCompile Include="..\src\world\banner.c">
      <Filter>Source\World</Filter>
    </ClCompile>
    <ClCompile Include="..\src\windows\staff_fire_prompt.c">
      <Filter>Source\Windows</Filter>
    </ClCompile>
    <ClCompile Include="..\src\windows\viewport.c">
      <Filter>Source\Windows</Filter>
    </ClCompile>
    <ClCompile Include="..\src\windows\text_input.c">
      <Filter>Source\Windows</Filter>
    </ClCompile>
    <ClCompile Include="..\src\windows\map_tooltip.c">
      <Filter>Source\Windows</Filter>
    </ClCompile>
    <ClCompile Include="..\src\windows\demolish_ride_prompt.c">
      <Filter>Source\Windows</Filter>
    </ClCompile>
    <ClCompile Include="..\src\windows\sign.c">
      <Filter>Source\Windows</Filter>
    </ClCompile>
    <ClCompile Include="..\src\ride\station.c">
      <Filter>Source\Ride</Filter>
    </ClCompile>
    <ClCompile Include="..\src\windows\ride_construction.c">
      <Filter>Source\Windows</Filter>
    </ClCompile>
    <ClCompile Include="..\src\interface\keyboard_shortcut.c">
      <Filter>Source\Interface</Filter>
    </ClCompile>
    <ClCompile Include="..\src\interface\viewport_interaction.c">
      <Filter>Source\Interface</Filter>
    </ClCompile>
    <ClCompile Include="..\src\world\footpath.c">
      <Filter>Source\World</Filter>
    </ClCompile>
    <ClCompile Include="..\src\diagnostic.c">
      <Filter>Source</Filter>
    </ClCompile>
    <ClCompile Include="..\src\windows\editor_bottom_toolbar.c">
      <Filter>Source\Windows</Filter>
    </ClCompile>
    <ClCompile Include="..\src\windows\editor_main.c">
      <Filter>Source\Windows</Filter>
    </ClCompile>
    <ClCompile Include="..\src\windows\editor_object_selection.c">
      <Filter>Source\Windows</Filter>
    </ClCompile>
    <ClCompile Include="..\src\localisation\user.c">
      <Filter>Source\Localisation</Filter>
    </ClCompile>
    <ClCompile Include="..\src\windows\editor_inventions_list.c">
      <Filter>Source\Windows</Filter>
    </ClCompile>
    <ClCompile Include="..\src\windows\editor_objective_options.c">
      <Filter>Source\Windows</Filter>
    </ClCompile>
    <ClCompile Include="..\src\windows\editor_scenario_options.c">
      <Filter>Source\Windows</Filter>
    </ClCompile>
    <ClCompile Include="..\src\world\map_helpers.c">
      <Filter>Source\World</Filter>
    </ClCompile>
    <ClCompile Include="..\src\world\mapgen.c">
      <Filter>Source\World</Filter>
    </ClCompile>
    <ClCompile Include="..\src\windows\mapgen.c">
      <Filter>Source\Windows</Filter>
    </ClCompile>
    <ClCompile Include="..\src\windows\top_toolbar.c">
      <Filter>Source\Windows</Filter>
    </ClCompile>
    <ClCompile Include="..\src\ride\track_data.c">
      <Filter>Source\Ride</Filter>
    </ClCompile>
    <ClCompile Include="..\src\cursors.c">
      <Filter>Source</Filter>
    </ClCompile>
    <ClCompile Include="..\src\windows\loadsave.c">
      <Filter>Source\Windows</Filter>
    </ClCompile>
    <ClCompile Include="..\src\config.c">
      <Filter>Source</Filter>
    </ClCompile>
    <ClCompile Include="..\src\windows\title_options.c">
      <Filter>Source\Windows</Filter>
    </ClCompile>
    <ClCompile Include="..\src\world\map_animation.c">
      <Filter>Source\World</Filter>
    </ClCompile>
    <ClCompile Include="..\src\world\scenery.c">
      <Filter>Source\World</Filter>
    </ClCompile>
    <ClCompile Include="..\src\rct1.c">
      <Filter>Source</Filter>
    </ClCompile>
    <ClCompile Include="..\src\windows\install_track.c">
      <Filter>Source\Windows</Filter>
    </ClCompile>
    <ClCompile Include="..\src\cmdline_sprite.c">
      <Filter>Source</Filter>
    </ClCompile>
    <ClCompile Include="..\src\windows\land_rights.c">
      <Filter>Source\Windows</Filter>
    </ClCompile>
    <ClCompile Include="..\src\interface\console.c">
      <Filter>Source\Interface</Filter>
    </ClCompile>
    <ClCompile Include="..\src\network\twitch.cpp">
      <Filter>Source\Network</Filter>
    </ClCompile>
    <ClCompile Include="..\src\network\http.cpp">
      <Filter>Source\Network</Filter>
    </ClCompile>
    <ClCompile Include="..\src\interface\themes.c">
      <Filter>Source\Interface</Filter>
    </ClCompile>
    <ClCompile Include="..\src\windows\themes.c">
      <Filter>Source\Windows</Filter>
    </ClCompile>
    <ClCompile Include="..\test\tests.c">
      <Filter>Test</Filter>
    </ClCompile>
    <ClCompile Include="..\test\management\finance_test.c">
      <Filter>Test\Management</Filter>
    </ClCompile>
    <ClCompile Include="..\test\ride\ride_ratings_test.c">
      <Filter>Test\Ride</Filter>
    </ClCompile>
    <ClCompile Include="..\src\windows\tile_inspector.c">
      <Filter>Source\Windows</Filter>
    </ClCompile>
    <ClCompile Include="..\src\windows\changelog.c">
      <Filter>Source\Windows</Filter>
    </ClCompile>
    <ClCompile Include="..\src\windows\title_editor.c">
      <Filter>Source\Windows</Filter>
    </ClCompile>
    <ClCompile Include="..\src\interface\title_sequences.c">
      <Filter>Source\Interface</Filter>
    </ClCompile>
    <ClCompile Include="..\src\windows\title_command_editor.c">
      <Filter>Source\Windows</Filter>
    </ClCompile>
    <ClCompile Include="..\src\windows\maze_construction.c">
      <Filter>Source\Windows</Filter>
    </ClCompile>
    <ClCompile Include="..\src\cheats.c">
      <Filter>Source</Filter>
    </ClCompile>
    <ClCompile Include="..\src\network\network.c">
      <Filter>Source\Network</Filter>
    </ClCompile>
  </ItemGroup>
  <ItemGroup>
    <ClInclude Include="..\src\management\award.h">
      <Filter>Source\Management</Filter>
    </ClInclude>
    <ClInclude Include="..\src\management\finance.h">
      <Filter>Source\Management</Filter>
    </ClInclude>
    <ClInclude Include="..\src\management\marketing.h">
      <Filter>Source\Management</Filter>
    </ClInclude>
    <ClInclude Include="..\src\management\news_item.h">
      <Filter>Source\Management</Filter>
    </ClInclude>
    <ClInclude Include="..\src\audio\audio.h">
      <Filter>Source\Audio</Filter>
    </ClInclude>
    <ClInclude Include="..\src\audio\mixer.h">
      <Filter>Source\Audio</Filter>
    </ClInclude>
    <ClInclude Include="..\src\interface\graph.h">
      <Filter>Source\Interface</Filter>
    </ClInclude>
    <ClInclude Include="..\src\interface\screenshot.h">
      <Filter>Source\Interface</Filter>
    </ClInclude>
    <ClInclude Include="..\src\interface\viewport.h">
      <Filter>Source\Interface</Filter>
    </ClInclude>
    <ClInclude Include="..\src\interface\widget.h">
      <Filter>Source\Interface</Filter>
    </ClInclude>
    <ClInclude Include="..\src\interface\window.h">
      <Filter>Source\Interface</Filter>
    </ClInclude>
    <ClInclude Include="..\src\world\climate.h">
      <Filter>Source\World</Filter>
    </ClInclude>
    <ClInclude Include="..\src\world\map.h">
      <Filter>Source\World</Filter>
    </ClInclude>
    <ClInclude Include="..\src\world\park.h">
      <Filter>Source\World</Filter>
    </ClInclude>
    <ClInclude Include="..\src\world\scenery.h">
      <Filter>Source\World</Filter>
    </ClInclude>
    <ClInclude Include="..\src\world\sprite.h">
      <Filter>Source\World</Filter>
    </ClInclude>
    <ClInclude Include="..\src\windows\dropdown.h">
      <Filter>Source\Windows</Filter>
    </ClInclude>
    <ClInclude Include="..\src\windows\error.h">
      <Filter>Source\Windows</Filter>
    </ClInclude>
    <ClInclude Include="..\src\windows\tooltip.h">
      <Filter>Source\Windows</Filter>
    </ClInclude>
    <ClInclude Include="..\src\localisation\currency.h">
      <Filter>Source\Localisation</Filter>
    </ClInclude>
    <ClInclude Include="..\src\localisation\language.h">
      <Filter>Source\Localisation</Filter>
    </ClInclude>
    <ClInclude Include="..\src\localisation\string_ids.h">
      <Filter>Source\Localisation</Filter>
    </ClInclude>
    <ClInclude Include="..\src\ride\ride.h">
      <Filter>Source\Ride</Filter>
    </ClInclude>
    <ClInclude Include="..\src\ride\ride_data.h">
      <Filter>Source\Ride</Filter>
    </ClInclude>
    <ClInclude Include="..\src\ride\ride_ratings.h">
      <Filter>Source\Ride</Filter>
    </ClInclude>
    <ClInclude Include="..\src\ride\track.h">
      <Filter>Source\Ride</Filter>
    </ClInclude>
    <ClInclude Include="..\src\ride\vehicle.h">
      <Filter>Source\Ride</Filter>
    </ClInclude>
    <ClInclude Include="..\src\util\sawyercoding.h">
      <Filter>Source\Util</Filter>
    </ClInclude>
    <ClInclude Include="..\src\util\util.h">
      <Filter>Source\Util</Filter>
    </ClInclude>
    <ClInclude Include="..\src\addresses.h">
      <Filter>Source</Filter>
    </ClInclude>
    <ClInclude Include="..\src\config.h">
      <Filter>Source</Filter>
    </ClInclude>
    <ClInclude Include="..\src\cursors.h">
      <Filter>Source</Filter>
    </ClInclude>
    <ClInclude Include="..\src\editor.h">
      <Filter>Source</Filter>
    </ClInclude>
    <ClInclude Include="..\src\game.h">
      <Filter>Source</Filter>
    </ClInclude>
    <ClInclude Include="..\src\hook.h">
      <Filter>Source</Filter>
    </ClInclude>
    <ClInclude Include="..\src\input.h">
      <Filter>Source</Filter>
    </ClInclude>
    <ClInclude Include="..\src\intro.h">
      <Filter>Source</Filter>
    </ClInclude>
    <ClInclude Include="..\src\object.h">
      <Filter>Source</Filter>
    </ClInclude>
    <ClInclude Include="..\src\rct2.h">
      <Filter>Source</Filter>
    </ClInclude>
    <ClInclude Include="..\src\scenario.h">
      <Filter>Source</Filter>
    </ClInclude>
    <ClInclude Include="..\src\sprites.h">
      <Filter>Source</Filter>
    </ClInclude>
    <ClInclude Include="..\src\title.h">
      <Filter>Source</Filter>
    </ClInclude>
    <ClInclude Include="..\src\tutorial.h">
      <Filter>Source</Filter>
    </ClInclude>
    <ClInclude Include="..\src\localisation\date.h">
      <Filter>Source\Localisation</Filter>
    </ClInclude>
    <ClInclude Include="..\src\drawing\drawing.h">
      <Filter>Source\Drawing</Filter>
    </ClInclude>
    <ClInclude Include="..\src\common.h">
      <Filter>Source</Filter>
    </ClInclude>
    <ClInclude Include="..\src\localisation\localisation.h">
      <Filter>Source\Localisation</Filter>
    </ClInclude>
    <ClInclude Include="..\src\platform\platform.h">
      <Filter>Source\Platform</Filter>
    </ClInclude>
    <ClInclude Include="..\src\localisation\format_codes.h">
      <Filter>Source\Localisation</Filter>
    </ClInclude>
    <ClInclude Include="..\src\peep\peep.h">
      <Filter>Source\Peep</Filter>
    </ClInclude>
    <ClInclude Include="..\src\peep\staff.h">
      <Filter>Source\Peep</Filter>
    </ClInclude>
    <ClInclude Include="..\src\management\research.h">
      <Filter>Source\Management</Filter>
    </ClInclude>
    <ClInclude Include="..\src\cmdline.h">
      <Filter>Source</Filter>
    </ClInclude>
    <ClInclude Include="..\src\openrct2.h">
      <Filter>Source</Filter>
    </ClInclude>
    <ClInclude Include="..\src\world\banner.h">
      <Filter>Source\World</Filter>
    </ClInclude>
    <ClInclude Include="..\src\ride\station.h">
      <Filter>Source\Ride</Filter>
    </ClInclude>
    <ClInclude Include="..\src\interface\keyboard_shortcut.h">
      <Filter>Source\Interface</Filter>
    </ClInclude>
    <ClInclude Include="..\src\world\footpath.h">
      <Filter>Source\World</Filter>
    </ClInclude>
    <ClInclude Include="..\src\diagnostic.h">
      <Filter>Source</Filter>
    </ClInclude>
    <ClInclude Include="..\src\rct1.h">
      <Filter>Source</Filter>
    </ClInclude>
    <ClInclude Include="..\src\world\mapgen.h">
      <Filter>Source\World</Filter>
    </ClInclude>
    <ClInclude Include="..\src\world\map_helpers.h">
      <Filter>Source\World</Filter>
    </ClInclude>
    <ClInclude Include="..\src\ride\track_data.h">
      <Filter>Source\Ride</Filter>
    </ClInclude>
    <ClInclude Include="..\src\world\entrance.h">
      <Filter>Source\World</Filter>
    </ClInclude>
    <ClInclude Include="..\src\world\water.h">
      <Filter>Source\World</Filter>
    </ClInclude>
    <ClInclude Include="..\src\world\map_animation.h">
      <Filter>Source\World</Filter>
    </ClInclude>
    <ClInclude Include="..\src\world\fountain.h">
      <Filter>Source\World</Filter>
    </ClInclude>
    <ClInclude Include="..\src\interface\console.h">
      <Filter>Source\Interface</Filter>
    </ClInclude>
    <ClInclude Include="..\src\network\http.h">
      <Filter>Source\Network</Filter>
    </ClInclude>
    <ClInclude Include="..\src\network\twitch.h">
      <Filter>Source\Network</Filter>
    </ClInclude>
    <ClInclude Include="..\src\interface\themes.h">
      <Filter>Source\Interface</Filter>
    </ClInclude>
    <ClInclude Include="..\test\tests.h">
      <Filter>Test</Filter>
    </ClInclude>
    <ClInclude Include="..\test\management\finance_test.h">
      <Filter>Test\Management</Filter>
    </ClInclude>
    <ClInclude Include="..\test\ride\ride_ratings_test.h">
      <Filter>Test\Ride</Filter>
    </ClInclude>
    <ClInclude Include="..\src\interface\title_sequences.h">
      <Filter>Source\Interface</Filter>
    </ClInclude>
    <ClInclude Include="..\src\cheats.h">
      <Filter>Source</Filter>
    </ClInclude>
    <ClInclude Include="..\src\network\network.h">
      <Filter>Source\Network</Filter>
    </ClInclude>
  </ItemGroup>
</Project>