
Microsoft Visual Studio Solution File, Format Version 12.00
# Visual Studio 2013
VisualStudioVersion = 12.0.31101.0
MinimumVisualStudioVersion = 10.0.40219.1
Project("{8BC9CEB8-8B4A-11D0-8D11-00A0C91BC942}") = "openrct2", "openrct2.vcxproj", "{D24D94F6-2A74-480C-B512-629C306CE92F}"
	ProjectSection(ProjectDependencies) = postProject
		{0468FC1E-5881-4DB9-9DDE-1892290B31D9} = {0468FC1E-5881-4DB9-9DDE-1892290B31D9}
	EndProjectSection
EndProject
Project("{8BC9CEB8-8B4A-11D0-8D11-00A0C91BC942}") = "language", "language\language.vcxproj", "{0468FC1E-5881-4DB9-9DDE-1892290B31D9}"
EndProject
Project("{8BC9CEB8-8B4A-11D0-8D11-00A0C91BC942}") = "libs", "libs\libs.vcxproj", "{074DC930-05C6-4B7F-B5DD-DD237E6E44DB}"
EndProject
Global
	GlobalSection(SolutionConfigurationPlatforms) = preSolution
		Debug|Win32 = Debug|Win32
		Release|Win32 = Release|Win32
	EndGlobalSection
	GlobalSection(ProjectConfigurationPlatforms) = postSolution
		{D24D94F6-2A74-480C-B512-629C306CE92F}.Debug|Win32.ActiveCfg = Debug|Win32
		{D24D94F6-2A74-480C-B512-629C306CE92F}.Debug|Win32.Build.0 = Debug|Win32
		{D24D94F6-2A74-480C-B512-629C306CE92F}.Release|Win32.ActiveCfg = Release|Win32
		{D24D94F6-2A74-480C-B512-629C306CE92F}.Release|Win32.Build.0 = Release|Win32
		{0468FC1E-5881-4DB9-9DDE-1892290B31D9}.Debug|Win32.ActiveCfg = Debug|Win32
		{0468FC1E-5881-4DB9-9DDE-1892290B31D9}.Debug|Win32.Build.0 = Debug|Win32
		{0468FC1E-5881-4DB9-9DDE-1892290B31D9}.Release|Win32.ActiveCfg = Release|Win32
		{0468FC1E-5881-4DB9-9DDE-1892290B31D9}.Release|Win32.Build.0 = Release|Win32
		{074DC930-05C6-4B7F-B5DD-DD237E6E44DB}.Debug|Win32.ActiveCfg = Debug|Win32
		{074DC930-05C6-4B7F-B5DD-DD237E6E44DB}.Debug|Win32.Build.0 = Debug|Win32
		{074DC930-05C6-4B7F-B5DD-DD237E6E44DB}.Release|Win32.ActiveCfg = Release|Win32
		{074DC930-05C6-4B7F-B5DD-DD237E6E44DB}.Release|Win32.Build.0 = Release|Win32
	EndGlobalSection
	GlobalSection(SolutionProperties) = preSolution
		HideSolutionNode = FALSE
	EndGlobalSection
EndGlobal
