<?xml version="1.0" encoding="utf-8"?>
<Project ToolsVersion="4.0" xmlns="http://schemas.microsoft.com/developer/msbuild/2003">
  <ItemGroup>
    <Filter Include="argparse">
      <UniqueIdentifier>{f28d7721-061f-44b8-bbd5-42dc9483b387}</UniqueIdentifier>
    </Filter>
    <Filter Include="libspeex">
      <UniqueIdentifier>{69f22202-b887-4e7c-bf7c-eb581571398d}</UniqueIdentifier>
    </Filter>
    <Filter Include="libspeex\speex">
      <UniqueIdentifier>{45966214-8043-431c-8eb3-920c00bf749d}</UniqueIdentifier>
    </Filter>
    <Filter Include="lodepng">
      <UniqueIdentifier>{7f953e55-d294-4158-b309-67f41fa82760}</UniqueIdentifier>
    </Filter>
    <Filter Include="libcurl">
      <UniqueIdentifier>{7b46a2d6-1095-4e7a-b98b-006b832ef7a1}</UniqueIdentifier>
    </Filter>
    <Filter Include="jansson">
      <UniqueIdentifier>{16ee6cb9-307a-4e8a-8261-a69d91b17739}</UniqueIdentifier>
    </Filter>
    <Filter Include="cutest">
      <UniqueIdentifier>{92e56bd7-37be-465c-9212-3b6cfb8cf7c9}</UniqueIdentifier>
    </Filter>
  </ItemGroup>
  <ItemGroup>
    <ClCompile Include="..\..\lib\argparse\argparse.c">
      <Filter>argparse</Filter>
    </ClCompile>
    <ClCompile Include="..\..\lib\libspeex\resample.c">
      <Filter>libspeex</Filter>
    </ClCompile>
    <ClCompile Include="..\..\lib\lodepng\lodepng.c">
      <Filter>lodepng</Filter>
    </ClCompile>
    <ClCompile Include="..\..\lib\jansson\jansson\dump.c">
      <Filter>jansson</Filter>
    </ClCompile>
    <ClCompile Include="..\..\lib\jansson\jansson\error.c">
      <Filter>jansson</Filter>
    </ClCompile>
    <ClCompile Include="..\..\lib\jansson\jansson\hashtable.c">
      <Filter>jansson</Filter>
    </ClCompile>
    <ClCompile Include="..\..\lib\jansson\jansson\hashtable_seed.c">
      <Filter>jansson</Filter>
    </ClCompile>
    <ClCompile Include="..\..\lib\jansson\jansson\load.c">
      <Filter>jansson</Filter>
    </ClCompile>
    <ClCompile Include="..\..\lib\jansson\jansson\memory.c">
      <Filter>jansson</Filter>
    </ClCompile>
    <ClCompile Include="..\..\lib\jansson\jansson\pack_unpack.c">
      <Filter>jansson</Filter>
    </ClCompile>
    <ClCompile Include="..\..\lib\jansson\jansson\strbuffer.c">
      <Filter>jansson</Filter>
    </ClCompile>
    <ClCompile Include="..\..\lib\jansson\jansson\strconv.c">
      <Filter>jansson</Filter>
    </ClCompile>
    <ClCompile Include="..\..\lib\jansson\jansson\utf.c">
      <Filter>jansson</Filter>
    </ClCompile>
    <ClCompile Include="..\..\lib\jansson\jansson\value.c">
      <Filter>jansson</Filter>
    </ClCompile>
    <ClCompile Include="..\..\lib\cutest\CuTest.c">
      <Filter>cutest</Filter>
    </ClCompile>
  </ItemGroup>
  <ItemGroup>
    <ClInclude Include="..\..\lib\argparse\argparse.h">
      <Filter>argparse</Filter>
    </ClInclude>
    <ClInclude Include="..\..\lib\libspeex\arch.h">
      <Filter>libspeex</Filter>
    </ClInclude>
    <ClInclude Include="..\..\lib\libspeex\config.h">
      <Filter>libspeex</Filter>
    </ClInclude>
    <ClInclude Include="..\..\lib\libspeex\os_support.h">
      <Filter>libspeex</Filter>
    </ClInclude>
    <ClInclude Include="..\..\lib\libspeex\stack_alloc.h">
      <Filter>libspeex</Filter>
    </ClInclude>
    <ClInclude Include="..\..\lib\libspeex\speex\speex_resampler.h">
      <Filter>libspeex\speex</Filter>
    </ClInclude>
    <ClInclude Include="..\..\lib\libspeex\speex\speex_types.h">
      <Filter>libspeex\speex</Filter>
    </ClInclude>
    <ClInclude Include="..\..\lib\lodepng\lodepng.h">
      <Filter>lodepng</Filter>
    </ClInclude>
    <ClInclude Include="..\..\lib\jansson\jansson_config.h">
      <Filter>jansson</Filter>
    </ClInclude>
    <ClInclude Include="..\..\lib\jansson\jansson_private_config.h">
      <Filter>jansson</Filter>
    </ClInclude>
    <ClInclude Include="..\..\lib\jansson\jansson\hashtable.h">
      <Filter>jansson</Filter>
    </ClInclude>
    <ClInclude Include="..\..\lib\jansson\jansson\jansson.h">
      <Filter>jansson</Filter>
    </ClInclude>
    <ClInclude Include="..\..\lib\jansson\jansson\jansson_private.h">
      <Filter>jansson</Filter>
    </ClInclude>
    <ClInclude Include="..\..\lib\jansson\jansson\lookup3.h">
      <Filter>jansson</Filter>
    </ClInclude>
    <ClInclude Include="..\..\lib\jansson\jansson\strbuffer.h">
      <Filter>jansson</Filter>
    </ClInclude>
    <ClInclude Include="..\..\lib\jansson\jansson\utf.h">
      <Filter>jansson</Filter>
    </ClInclude>
    <ClInclude Include="..\..\lib\cutest\CuTest.h" />
  </ItemGroup>
</Project>