
Microsoft Visual Studio Solution File, Format Version 12.00
# Visual Studio 14
VisualStudioVersion = 14.0.24720.0
MinimumVisualStudioVersion = 10.0.40219.1
Project("{8BC9CEB8-8B4A-11D0-8D11-00A0C91BC942}") = "openrct2", "openrct2.vcxproj", "{D24D94F6-2A74-480C-B512-629C306CE92F}"
EndProject
Project("{8BC9CEB8-8B4A-11D0-8D11-00A0C91BC942}") = "libs", "libs.vcxproj", "{074DC930-05C6-4B7F-B5DD-DD237E6E44DB}"
EndProject
Global
	GlobalSection(SolutionConfigurationPlatforms) = preSolution
		Debug|Win32 = Debug|Win32
		Release with Tests|Win32 = Release with Tests|Win32
		Release XP|Win32 = Release XP|Win32
		Release|Win32 = Release|Win32
	EndGlobalSection
	GlobalSection(ProjectConfigurationPlatforms) = postSolution
		{D24D94F6-2A74-480C-B512-629C306CE92F}.Debug|Win32.ActiveCfg = Debug|Win32
		{D24D94F6-2A74-480C-B512-629C306CE92F}.Debug|Win32.Build.0 = Debug|Win32
		{D24D94F6-2A74-480C-B512-629C306CE92F}.Release with Tests|Win32.ActiveCfg = Release with Tests|Win32
		{D24D94F6-2A74-480C-B512-629C306CE92F}.Release with Tests|Win32.Build.0 = Release with Tests|Win32
		{D24D94F6-2A74-480C-B512-629C306CE92F}.Release XP|Win32.ActiveCfg = Release XP|Win32
		{D24D94F6-2A74-480C-B512-629C306CE92F}.Release XP|Win32.Build.0 = Release XP|Win32
		{D24D94F6-2A74-480C-B512-629C306CE92F}.Release|Win32.ActiveCfg = Release|Win32
		{D24D94F6-2A74-480C-B512-629C306CE92F}.Release|Win32.Build.0 = Release|Win32
		{074DC930-05C6-4B7F-B5DD-DD237E6E44DB}.Debug|Win32.ActiveCfg = Debug|Win32
		{074DC930-05C6-4B7F-B5DD-DD237E6E44DB}.Debug|Win32.Build.0 = Debug|Win32
		{074DC930-05C6-4B7F-B5DD-DD237E6E44DB}.Release with Tests|Win32.ActiveCfg = Release with Tests|Win32
		{074DC930-05C6-4B7F-B5DD-DD237E6E44DB}.Release with Tests|Win32.Build.0 = Release with Tests|Win32
		{074DC930-05C6-4B7F-B5DD-DD237E6E44DB}.Release XP|Win32.ActiveCfg = Release XP|Win32
		{074DC930-05C6-4B7F-B5DD-DD237E6E44DB}.Release XP|Win32.Build.0 = Release XP|Win32
		{074DC930-05C6-4B7F-B5DD-DD237E6E44DB}.Release|Win32.ActiveCfg = Release|Win32
		{074DC930-05C6-4B7F-B5DD-DD237E6E44DB}.Release|Win32.Build.0 = Release|Win32
	EndGlobalSection
	GlobalSection(SolutionProperties) = preSolution
		HideSolutionNode = FALSE
	EndGlobalSection
EndGlobal
